
Microsoft Visual Studio Solution File, Format Version 12.00
# Visual Studio 2012
Project("{FAE04EC0-301F-11D3-BF4B-00C04F79EFBC}") = "FraseRebote", "ConsoleApplication1\FraseRebote.csproj", "{911D6732-D800-477B-B182-B084DD58F470}"
EndProject
Global
	GlobalSection(SolutionConfigurationPlatforms) = preSolution
		Debug|Any CPU = Debug|Any CPU
		Release|Any CPU = Release|Any CPU
	EndGlobalSection
	GlobalSection(ProjectConfigurationPlatforms) = postSolution
		{911D6732-D800-477B-B182-B084DD58F470}.Debug|Any CPU.ActiveCfg = Debug|Any CPU
		{911D6732-D800-477B-B182-B084DD58F470}.Debug|Any CPU.Build.0 = Debug|Any CPU
		{911D6732-D800-477B-B182-B084DD58F470}.Release|Any CPU.ActiveCfg = Release|Any CPU
		{911D6732-D800-477B-B182-B084DD58F470}.Release|Any CPU.Build.0 = Release|Any CPU
	EndGlobalSection
	GlobalSection(SolutionProperties) = preSolution
		HideSolutionNode = FALSE
	EndGlobalSection
EndGlobal
